// !$*UTF8*$!
{
	archiveVersion = 1;
	classes = {
	};
	objectVersion = 77;
	objects = {

/* Begin PBXContainerItemProxy section */
		4C3852FA2D0155B300C360E1 /* PBXContainerItemProxy */ = {
			isa = PBXContainerItemProxy;
			containerPortal = 4C3852E02D0155B100C360E1 /* Project object */;
			proxyType = 1;
			remoteGlobalIDString = 4C3852E72D0155B100C360E1;
			remoteInfo = NumberRandomizer;
		};
		4C3853042D0155B300C360E1 /* PBXContainerItemProxy */ = {
			isa = PBXContainerItemProxy;
			containerPortal = 4C3852E02D0155B100C360E1 /* Project object */;
			proxyType = 1;
			remoteGlobalIDString = 4C3852E72D0155B100C360E1;
			remoteInfo = NumberRandomizer;
		};
/* End PBXContainerItemProxy section */

/* Begin PBXFileReference section */
		4C3852E82D0155B100C360E1 /* NumberRandomizer.app */ = {isa = PBXFileReference; explicitFileType = wrapper.application; includeInIndex = 0; path = NumberRandomizer.app; sourceTree = BUILT_PRODUCTS_DIR; };
		4C3852F92D0155B300C360E1 /* NumberRandomizerTests.xctest */ = {isa = PBXFileReference; explicitFileType = wrapper.cfbundle; includeInIndex = 0; path = NumberRandomizerTests.xctest; sourceTree = BUILT_PRODUCTS_DIR; };
		4C3853032D0155B300C360E1 /* NumberRandomizerUITests.xctest */ = {isa = PBXFileReference; explicitFileType = wrapper.cfbundle; includeInIndex = 0; path = NumberRandomizerUITests.xctest; sourceTree = BUILT_PRODUCTS_DIR; };
/* End PBXFileReference section */

/* Begin PBXFileSystemSynchronizedRootGroup section */
		4C3852EA2D0155B100C360E1 /* NumberRandomizer */ = {
			isa = PBXFileSystemSynchronizedRootGroup;
			path = NumberRandomizer;
			sourceTree = "<group>";
		};
		4C3852FC2D0155B300C360E1 /* NumberRandomizerTests */ = {
			isa = PBXFileSystemSynchronizedRootGroup;
			path = NumberRandomizerTests;
			sourceTree = "<group>";
		};
		4C3853062D0155B300C360E1 /* NumberRandomizerUITests */ = {
			isa = PBXFileSystemSynchronizedRootGroup;
			path = NumberRandomizerUITests;
			sourceTree = "<group>";
		};
/* End PBXFileSystemSynchronizedRootGroup section */

/* Begin PBXFrameworksBuildPhase section */
		4C3852E52D0155B100C360E1 /* Frameworks */ = {
			isa = PBXFrameworksBuildPhase;
			buildActionMask = 2147483647;
			files = (
			);
			runOnlyForDeploymentPostprocessing = 0;
		};
		4C3852F62D0155B300C360E1 /* Frameworks */ = {
			isa = PBXFrameworksBuildPhase;
			buildActionMask = 2147483647;
			files = (
			);
			runOnlyForDeploymentPostprocessing = 0;
		};
		4C3853002D0155B300C360E1 /* Frameworks */ = {
			isa = PBXFrameworksBuildPhase;
			buildActionMask = 2147483647;
			files = (
			);
			runOnlyForDeploymentPostprocessing = 0;
		};
/* End PBXFrameworksBuildPhase section */

/* Begin PBXGroup section */
		4C3852DF2D0155B100C360E1 = {
			isa = PBXGroup;
			children = (
				4C3852EA2D0155B100C360E1 /* NumberRandomizer */,
				4C3852FC2D0155B300C360E1 /* NumberRandomizerTests */,
				4C3853062D0155B300C360E1 /* NumberRandomizerUITests */,
				4C3852E92D0155B100C360E1 /* Products */,
			);
			sourceTree = "<group>";
		};
		4C3852E92D0155B100C360E1 /* Products */ = {
			isa = PBXGroup;
			children = (
				4C3852E82D0155B100C360E1 /* NumberRandomizer.app */,
				4C3852F92D0155B300C360E1 /* NumberRandomizerTests.xctest */,
				4C3853032D0155B300C360E1 /* NumberRandomizerUITests.xctest */,
			);
			name = Products;
			sourceTree = "<group>";
		};
/* End PBXGroup section */

/* Begin PBXNativeTarget section */
		4C3852E72D0155B100C360E1 /* NumberRandomizer */ = {
			isa = PBXNativeTarget;
			buildConfigurationList = 4C38530D2D0155B300C360E1 /* Build configuration list for PBXNativeTarget "NumberRandomizer" */;
			buildPhases = (
				4C3852E42D0155B100C360E1 /* Sources */,
				4C3852E52D0155B100C360E1 /* Frameworks */,
				4C3852E62D0155B100C360E1 /* Resources */,
			);
			buildRules = (
			);
			dependencies = (
			);
			fileSystemSynchronizedGroups = (
				4C3852EA2D0155B100C360E1 /* NumberRandomizer */,
			);
			name = NumberRandomizer;
			packageProductDependencies = (
			);
			productName = NumberRandomizer;
			productReference = 4C3852E82D0155B100C360E1 /* NumberRandomizer.app */;
			productType = "com.apple.product-type.application";
		};
		4C3852F82D0155B300C360E1 /* NumberRandomizerTests */ = {
			isa = PBXNativeTarget;
			buildConfigurationList = 4C3853102D0155B300C360E1 /* Build configuration list for PBXNativeTarget "NumberRandomizerTests" */;
			buildPhases = (
				4C3852F52D0155B300C360E1 /* Sources */,
				4C3852F62D0155B300C360E1 /* Frameworks */,
				4C3852F72D0155B300C360E1 /* Resources */,
			);
			buildRules = (
			);
			dependencies = (
				4C3852FB2D0155B300C360E1 /* PBXTargetDependency */,
			);
			fileSystemSynchronizedGroups = (
				4C3852FC2D0155B300C360E1 /* NumberRandomizerTests */,
			);
			name = NumberRandomizerTests;
			packageProductDependencies = (
			);
			productName = NumberRandomizerTests;
			productReference = 4C3852F92D0155B300C360E1 /* NumberRandomizerTests.xctest */;
			productType = "com.apple.product-type.bundle.unit-test";
		};
		4C3853022D0155B300C360E1 /* NumberRandomizerUITests */ = {
			isa = PBXNativeTarget;
			buildConfigurationList = 4C3853132D0155B300C360E1 /* Build configuration list for PBXNativeTarget "NumberRandomizerUITests" */;
			buildPhases = (
				4C3852FF2D0155B300C360E1 /* Sources */,
				4C3853002D0155B300C360E1 /* Frameworks */,
				4C3853012D0155B300C360E1 /* Resources */,
			);
			buildRules = (
			);
			dependencies = (
				4C3853052D0155B300C360E1 /* PBXTargetDependency */,
			);
			fileSystemSynchronizedGroups = (
				4C3853062D0155B300C360E1 /* NumberRandomizerUITests */,
			);
			name = NumberRandomizerUITests;
			packageProductDependencies = (
			);
			productName = NumberRandomizerUITests;
			productReference = 4C3853032D0155B300C360E1 /* NumberRandomizerUITests.xctest */;
			productType = "com.apple.product-type.bundle.ui-testing";
		};
/* End PBXNativeTarget section */

/* Begin PBXProject section */
		4C3852E02D0155B100C360E1 /* Project object */ = {
			isa = PBXProject;
			attributes = {
				BuildIndependentTargetsInParallel = 1;
				LastSwiftUpdateCheck = 1610;
				LastUpgradeCheck = 1610;
				TargetAttributes = {
					4C3852E72D0155B100C360E1 = {
						CreatedOnToolsVersion = 16.1;
					};
					4C3852F82D0155B300C360E1 = {
						CreatedOnToolsVersion = 16.1;
						TestTargetID = 4C3852E72D0155B100C360E1;
					};
					4C3853022D0155B300C360E1 = {
						CreatedOnToolsVersion = 16.1;
						TestTargetID = 4C3852E72D0155B100C360E1;
					};
				};
			};
			buildConfigurationList = 4C3852E32D0155B100C360E1 /* Build configuration list for PBXProject "NumberRandomizer" */;
			developmentRegion = en;
			hasScannedForEncodings = 0;
			knownRegions = (
				en,
				Base,
			);
			mainGroup = 4C3852DF2D0155B100C360E1;
			minimizedProjectReferenceProxies = 1;
			preferredProjectObjectVersion = 77;
			productRefGroup = 4C3852E92D0155B100C360E1 /* Products */;
			projectDirPath = "";
			projectRoot = "";
			targets = (
				4C3852E72D0155B100C360E1 /* NumberRandomizer */,
				4C3852F82D0155B300C360E1 /* NumberRandomizerTests */,
				4C3853022D0155B300C360E1 /* NumberRandomizerUITests */,
			);
		};
/* End PBXProject section */

/* Begin PBXResourcesBuildPhase section */
		4C3852E62D0155B100C360E1 /* Resources */ = {
			isa = PBXResourcesBuildPhase;
			buildActionMask = 2147483647;
			files = (
			);
			runOnlyForDeploymentPostprocessing = 0;
		};
		4C3852F72D0155B300C360E1 /* Resources */ = {
			isa = PBXResourcesBuildPhase;
			buildActionMask = 2147483647;
			files = (
			);
			runOnlyForDeploymentPostprocessing = 0;
		};
		4C3853012D0155B300C360E1 /* Resources */ = {
			isa = PBXResourcesBuildPhase;
			buildActionMask = 2147483647;
			files = (
			);
			runOnlyForDeploymentPostprocessing = 0;
		};
/* End PBXResourcesBuildPhase section */

/* Begin PBXSourcesBuildPhase section */
		4C3852E42D0155B100C360E1 /* Sources */ = {
			isa = PBXSourcesBuildPhase;
			buildActionMask = 2147483647;
			files = (
			);
			runOnlyForDeploymentPostprocessing = 0;
		};
		4C3852F52D0155B300C360E1 /* Sources */ = {
			isa = PBXSourcesBuildPhase;
			buildActionMask = 2147483647;
			files = (
			);
			runOnlyForDeploymentPostprocessing = 0;
		};
		4C3852FF2D0155B300C360E1 /* Sources */ = {
			isa = PBXSourcesBuildPhase;
			buildActionMask = 2147483647;
			files = (
			);
			runOnlyForDeploymentPostprocessing = 0;
		};
/* End PBXSourcesBuildPhase section */

/* Begin PBXTargetDependency section */
		4C3852FB2D0155B300C360E1 /* PBXTargetDependency */ = {
			isa = PBXTargetDependency;
			target = 4C3852E72D0155B100C360E1 /* NumberRandomizer */;
			targetProxy = 4C3852FA2D0155B300C360E1 /* PBXContainerItemProxy */;
		};
		4C3853052D0155B300C360E1 /* PBXTargetDependency */ = {
			isa = PBXTargetDependency;
			target = 4C3852E72D0155B100C360E1 /* NumberRandomizer */;
			targetProxy = 4C3853042D0155B300C360E1 /* PBXContainerItemProxy */;
		};
/* End PBXTargetDependency section */

/* Begin XCBuildConfiguration section */
		4C38530B2D0155B300C360E1 /* Debug */ = {
			isa = XCBuildConfiguration;
			buildSettings = {
				ALWAYS_SEARCH_USER_PATHS = NO;
				ASSETCATALOG_COMPILER_GENERATE_SWIFT_ASSET_SYMBOL_EXTENSIONS = YES;
				CLANG_ANALYZER_NONNULL = YES;
				CLANG_ANALYZER_NUMBER_OBJECT_CONVERSION = YES_AGGRESSIVE;
				CLANG_CXX_LANGUAGE_STANDARD = "gnu++20";
				CLANG_ENABLE_MODULES = YES;
				CLANG_ENABLE_OBJC_ARC = YES;
				CLANG_ENABLE_OBJC_WEAK = YES;
				CLANG_WARN_BLOCK_CAPTURE_AUTORELEASING = YES;
				CLANG_WARN_BOOL_CONVERSION = YES;
				CLANG_WARN_COMMA = YES;
				CLANG_WARN_CONSTANT_CONVERSION = YES;
				CLANG_WARN_DEPRECATED_OBJC_IMPLEMENTATIONS = YES;
				CLANG_WARN_DIRECT_OBJC_ISA_USAGE = YES_ERROR;
				CLANG_WARN_DOCUMENTATION_COMMENTS = YES;
				CLANG_WARN_EMPTY_BODY = YES;
				CLANG_WARN_ENUM_CONVERSION = YES;
				CLANG_WARN_INFINITE_RECURSION = YES;
				CLANG_WARN_INT_CONVERSION = YES;
				CLANG_WARN_NON_LITERAL_NULL_CONVERSION = YES;
				CLANG_WARN_OBJC_IMPLICIT_RETAIN_SELF = YES;
				CLANG_WARN_OBJC_LITERAL_CONVERSION = YES;
				CLANG_WARN_OBJC_ROOT_CLASS = YES_ERROR;
				CLANG_WARN_QUOTED_INCLUDE_IN_FRAMEWORK_HEADER = YES;
				CLANG_WARN_RANGE_LOOP_ANALYSIS = YES;
				CLANG_WARN_STRICT_PROTOTYPES = YES;
				CLANG_WARN_SUSPICIOUS_MOVE = YES;
				CLANG_WARN_UNGUARDED_AVAILABILITY = YES_AGGRESSIVE;
				CLANG_WARN_UNREACHABLE_CODE = YES;
				CLANG_WARN__DUPLICATE_METHOD_MATCH = YES;
				COPY_PHASE_STRIP = NO;
				DEBUG_INFORMATION_FORMAT = dwarf;
				ENABLE_STRICT_OBJC_MSGSEND = YES;
				ENABLE_TESTABILITY = YES;
				ENABLE_USER_SCRIPT_SANDBOXING = YES;
				GCC_C_LANGUAGE_STANDARD = gnu17;
				GCC_DYNAMIC_NO_PIC = NO;
				GCC_NO_COMMON_BLOCKS = YES;
				GCC_OPTIMIZATION_LEVEL = 0;
				GCC_PREPROCESSOR_DEFINITIONS = (
					"DEBUG=1",
					"$(inherited)",
				);
				GCC_WARN_64_TO_32_BIT_CONVERSION = YES;
				GCC_WARN_ABOUT_RETURN_TYPE = YES_ERROR;
				GCC_WARN_UNDECLARED_SELECTOR = YES;
				GCC_WARN_UNINITIALIZED_AUTOS = YES_AGGRESSIVE;
				GCC_WARN_UNUSED_FUNCTION = YES;
				GCC_WARN_UNUSED_VARIABLE = YES;
				LOCALIZATION_PREFERS_STRING_CATALOGS = YES;
				MACOSX_DEPLOYMENT_TARGET = 15.1;
				MTL_ENABLE_DEBUG_INFO = INCLUDE_SOURCE;
				MTL_FAST_MATH = YES;
				ONLY_ACTIVE_ARCH = YES;
				SDKROOT = macosx;
				SWIFT_ACTIVE_COMPILATION_CONDITIONS = "DEBUG $(inherited)";
				SWIFT_OPTIMIZATION_LEVEL = "-Onone";
			};
			name = Debug;
		};
		4C38530C2D0155B300C360E1 /* Release */ = {
			isa = XCBuildConfiguration;
			buildSettings = {
				ALWAYS_SEARCH_USER_PATHS = NO;
				ASSETCATALOG_COMPILER_GENERATE_SWIFT_ASSET_SYMBOL_EXTENSIONS = YES;
				CLANG_ANALYZER_NONNULL = YES;
				CLANG_ANALYZER_NUMBER_OBJECT_CONVERSION = YES_AGGRESSIVE;
				CLANG_CXX_LANGUAGE_STANDARD = "gnu++20";
				CLANG_ENABLE_MODULES = YES;
				CLANG_ENABLE_OBJC_ARC = YES;
				CLANG_ENABLE_OBJC_WEAK = YES;
				CLANG_WARN_BLOCK_CAPTURE_AUTORELEASING = YES;
				CLANG_WARN_BOOL_CONVERSION = YES;
				CLANG_WARN_COMMA = YES;
				CLANG_WARN_CONSTANT_CONVERSION = YES;
				CLANG_WARN_DEPRECATED_OBJC_IMPLEMENTATIONS = YES;
				CLANG_WARN_DIRECT_OBJC_ISA_USAGE = YES_ERROR;
				CLANG_WARN_DOCUMENTATION_COMMENTS = YES;
				CLANG_WARN_EMPTY_BODY = YES;
				CLANG_WARN_ENUM_CONVERSION = YES;
				CLANG_WARN_INFINITE_RECURSION = YES;
				CLANG_WARN_INT_CONVERSION = YES;
				CLANG_WARN_NON_LITERAL_NULL_CONVERSION = YES;
				CLANG_WARN_OBJC_IMPLICIT_RETAIN_SELF = YES;
				CLANG_WARN_OBJC_LITERAL_CONVERSION = YES;
				CLANG_WARN_OBJC_ROOT_CLASS = YES_ERROR;
				CLANG_WARN_QUOTED_INCLUDE_IN_FRAMEWORK_HEADER = YES;
				CLANG_WARN_RANGE_LOOP_ANALYSIS = YES;
				CLANG_WARN_STRICT_PROTOTYPES = YES;
				CLANG_WARN_SUSPICIOUS_MOVE = YES;
				CLANG_WARN_UNGUARDED_AVAILABILITY = YES_AGGRESSIVE;
				CLANG_WARN_UNREACHABLE_CODE = YES;
				CLANG_WARN__DUPLICATE_METHOD_MATCH = YES;
				COPY_PHASE_STRIP = NO;
				DEBUG_INFORMATION_FORMAT = "dwarf-with-dsym";
				ENABLE_NS_ASSERTIONS = NO;
				ENABLE_STRICT_OBJC_MSGSEND = YES;
				ENABLE_USER_SCRIPT_SANDBOXING = YES;
				GCC_C_LANGUAGE_STANDARD = gnu17;
				GCC_NO_COMMON_BLOCKS = YES;
				GCC_WARN_64_TO_32_BIT_CONVERSION = YES;
				GCC_WARN_ABOUT_RETURN_TYPE = YES_ERROR;
				GCC_WARN_UNDECLARED_SELECTOR = YES;
				GCC_WARN_UNINITIALIZED_AUTOS = YES_AGGRESSIVE;
				GCC_WARN_UNUSED_FUNCTION = YES;
				GCC_WARN_UNUSED_VARIABLE = YES;
				LOCALIZATION_PREFERS_STRING_CATALOGS = YES;
				MACOSX_DEPLOYMENT_TARGET = 15.1;
				MTL_ENABLE_DEBUG_INFO = NO;
				MTL_FAST_MATH = YES;
				SDKROOT = macosx;
				SWIFT_COMPILATION_MODE = wholemodule;
			};
			name = Release;
		};
		4C38530E2D0155B300C360E1 /* Debug */ = {
			isa = XCBuildConfiguration;
			buildSettings = {
				ASSETCATALOG_COMPILER_APPICON_NAME = AppIcon;
				ASSETCATALOG_COMPILER_GLOBAL_ACCENT_COLOR_NAME = AccentColor;
				CODE_SIGN_ENTITLEMENTS = NumberRandomizer/NumberRandomizer.entitlements;
				CODE_SIGN_STYLE = Automatic;
				COMBINE_HIDPI_IMAGES = YES;
				CURRENT_PROJECT_VERSION = 1;
				DEVELOPMENT_ASSET_PATHS = "\"NumberRandomizer/Preview Content\"";
				DEVELOPMENT_TEAM = 8J256K8F59;
				ENABLE_HARDENED_RUNTIME = YES;
				ENABLE_PREVIEWS = YES;
				GENERATE_INFOPLIST_FILE = YES;
				INFOPLIST_KEY_NSHumanReadableCopyright = "";
				LD_RUNPATH_SEARCH_PATHS = (
					"$(inherited)",
					"@executable_path/../Frameworks",
				);
				MARKETING_VERSION = 1.0;
				PRODUCT_BUNDLE_IDENTIFIER = com.barrymartin.NumberRandomizer;
				PRODUCT_NAME = "$(TARGET_NAME)";
				SWIFT_EMIT_LOC_STRINGS = YES;
				SWIFT_VERSION = 5.0;
			};
			name = Debug;
		};
		4C38530F2D0155B300C360E1 /* Release */ = {
			isa = XCBuildConfiguration;
			buildSettings = {
				ASSETCATALOG_COMPILER_APPICON_NAME = AppIcon;
				ASSETCATALOG_COMPILER_GLOBAL_ACCENT_COLOR_NAME = AccentColor;
				CODE_SIGN_ENTITLEMENTS = NumberRandomizer/NumberRandomizer.entitlements;
				CODE_SIGN_STYLE = Automatic;
				COMBINE_HIDPI_IMAGES = YES;
				CURRENT_PROJECT_VERSION = 1;
				DEVELOPMENT_ASSET_PATHS = "\"NumberRandomizer/Preview Content\"";
				DEVELOPMENT_TEAM = 8J256K8F59;
				ENABLE_HARDENED_RUNTIME = YES;
				ENABLE_PREVIEWS = YES;
				GENERATE_INFOPLIST_FILE = YES;
				INFOPLIST_KEY_NSHumanReadableCopyright = "";
				LD_RUNPATH_SEARCH_PATHS = (
					"$(inherited)",
					"@executable_path/../Frameworks",
				);
				MARKETING_VERSION = 1.0;
				PRODUCT_BUNDLE_IDENTIFIER = com.barrymartin.NumberRandomizer;
				PRODUCT_NAME = "$(TARGET_NAME)";
				SWIFT_EMIT_LOC_STRINGS = YES;
				SWIFT_VERSION = 5.0;
			};
			name = Release;
		};
		4C3853112D0155B300C360E1 /* Debug */ = {
			isa = XCBuildConfiguration;
			buildSettings = {
				BUNDLE_LOADER = "$(TEST_HOST)";
				CODE_SIGN_STYLE = Automatic;
				CURRENT_PROJECT_VERSION = 1;
				DEVELOPMENT_TEAM = 8J256K8F59;
				GENERATE_INFOPLIST_FILE = YES;
				MACOSX_DEPLOYMENT_TARGET = 15.1;
				MARKETING_VERSION = 1.0;
				PRODUCT_BUNDLE_IDENTIFIER = com.barrymartin.NumberRandomizerTests;
				PRODUCT_NAME = "$(TARGET_NAME)";
				SWIFT_EMIT_LOC_STRINGS = NO;
				SWIFT_VERSION = 5.0;
				TEST_HOST = "$(BUILT_PRODUCTS_DIR)/NumberRandomizer.app/$(BUNDLE_EXECUTABLE_FOLDER_PATH)/NumberRandomizer";
			};
			name = Debug;
		};
		4C3853122D0155B300C360E1 /* Release */ = {
			isa = XCBuildConfiguration;
			buildSettings = {
				BUNDLE_LOADER = "$(TEST_HOST)";
				CODE_SIGN_STYLE = Automatic;
				CURRENT_PROJECT_VERSION = 1;
				DEVELOPMENT_TEAM = 8J256K8F59;
				GENERATE_INFOPLIST_FILE = YES;
				MACOSX_DEPLOYMENT_TARGET = 15.1;
				MARKETING_VERSION = 1.0;
				PRODUCT_BUNDLE_IDENTIFIER = com.barrymartin.NumberRandomizerTests;
				PRODUCT_NAME = "$(TARGET_NAME)";
				SWIFT_EMIT_LOC_STRINGS = NO;
				SWIFT_VERSION = 5.0;
				TEST_HOST = "$(BUILT_PRODUCTS_DIR)/NumberRandomizer.app/$(BUNDLE_EXECUTABLE_FOLDER_PATH)/NumberRandomizer";
			};
			name = Release;
		};
		4C3853142D0155B300C360E1 /* Debug */ = {
			isa = XCBuildConfiguration;
			buildSettings = {
				CODE_SIGN_STYLE = Automatic;
				CURRENT_PROJECT_VERSION = 1;
				DEVELOPMENT_TEAM = 8J256K8F59;
				GENERATE_INFOPLIST_FILE = YES;
				MARKETING_VERSION = 1.0;
				PRODUCT_BUNDLE_IDENTIFIER = com.barrymartin.NumberRandomizerUITests;
				PRODUCT_NAME = "$(TARGET_NAME)";
				SWIFT_EMIT_LOC_STRINGS = NO;
				SWIFT_VERSION = 5.0;
				TEST_TARGET_NAME = NumberRandomizer;
			};
			name = Debug;
		};
		4C3853152D0155B300C360E1 /* Release */ = {
			isa = XCBuildConfiguration;
			buildSettings = {
				CODE_SIGN_STYLE = Automatic;
				CURRENT_PROJECT_VERSION = 1;
				DEVELOPMENT_TEAM = 8J256K8F59;
				GENERATE_INFOPLIST_FILE = YES;
				MARKETING_VERSION = 1.0;
				PRODUCT_BUNDLE_IDENTIFIER = com.barrymartin.NumberRandomizerUITests;
				PRODUCT_NAME = "$(TARGET_NAME)";
				SWIFT_EMIT_LOC_STRINGS = NO;
				SWIFT_VERSION = 5.0;
				TEST_TARGET_NAME = NumberRandomizer;
			};
			name = Release;
		};
/* End XCBuildConfiguration section */

/* Begin XCConfigurationList section */
		4C3852E32D0155B100C360E1 /* Build configuration list for PBXProject "NumberRandomizer" */ = {
			isa = XCConfigurationList;
			buildConfigurations = (
				4C38530B2D0155B300C360E1 /* Debug */,
				4C38530C2D0155B300C360E1 /* Release */,
			);
			defaultConfigurationIsVisible = 0;
			defaultConfigurationName = Release;
		};
		4C38530D2D0155B300C360E1 /* Build configuration list for PBXNativeTarget "NumberRandomizer" */ = {
			isa = XCConfigurationList;
			buildConfigurations = (
				4C38530E2D0155B300C360E1 /* Debug */,
				4C38530F2D0155B300C360E1 /* Release */,
			);
			defaultConfigurationIsVisible = 0;
			defaultConfigurationName = Release;
		};
		4C3853102D0155B300C360E1 /* Build configuration list for PBXNativeTarget "NumberRandomizerTests" */ = {
			isa = XCConfigurationList;
			buildConfigurations = (
				4C3853112D0155B300C360E1 /* Debug */,
				4C3853122D0155B300C360E1 /* Release */,
			);
			defaultConfigurationIsVisible = 0;
			defaultConfigurationName = Release;
		};
		4C3853132D0155B300C360E1 /* Build configuration list for PBXNativeTarget "NumberRandomizerUITests" */ = {
			isa = XCConfigurationList;
			buildConfigurations = (
				4C3853142D0155B300C360E1 /* Debug */,
				4C3853152D0155B300C360E1 /* Release */,
			);
			defaultConfigurationIsVisible = 0;
			defaultConfigurationName = Release;
		};
/* End XCConfigurationList section */
	};
	rootObject = 4C3852E02D0155B100C360E1 /* Project object */;
}
